
Microsoft Visual Studio Solution File, Format Version 12.00
# Visual Studio 14
VisualStudioVersion = 14.0.25420.1
MinimumVisualStudioVersion = 10.0.40219.1
Project("{FAE04EC0-301F-11D3-BF4B-00C04F79EFBC}") = "ExpressionsAndIQueryable.Tests", "ExpressionsAndIQueryable.Tests\ExpressionsAndIQueryable.Tests.csproj", "{3D490FC7-F956-4E16-9A32-2B8E73F946C3}"
EndProject
Project("{FAE04EC0-301F-11D3-BF4B-00C04F79EFBC}") = "AdvancedXML.Tests", "AdvancedXML.Tests\AdvancedXML.Tests.csproj", "{FDCC340F-7F78-4BC6-A5BC-533EF142DBF0}"
EndProject
Global
	GlobalSection(SolutionConfigurationPlatforms) = preSolution
		Debug|Any CPU = Debug|Any CPU
		Release|Any CPU = Release|Any CPU
	EndGlobalSection
	GlobalSection(ProjectConfigurationPlatforms) = postSolution
		{3D490FC7-F956-4E16-9A32-2B8E73F946C3}.Debug|Any CPU.ActiveCfg = Debug|Any CPU
		{3D490FC7-F956-4E16-9A32-2B8E73F946C3}.Debug|Any CPU.Build.0 = Debug|Any CPU
		{3D490FC7-F956-4E16-9A32-2B8E73F946C3}.Release|Any CPU.ActiveCfg = Release|Any CPU
		{3D490FC7-F956-4E16-9A32-2B8E73F946C3}.Release|Any CPU.Build.0 = Release|Any CPU
		{FDCC340F-7F78-4BC6-A5BC-533EF142DBF0}.Debug|Any CPU.ActiveCfg = Debug|Any CPU
		{FDCC340F-7F78-4BC6-A5BC-533EF142DBF0}.Debug|Any CPU.Build.0 = Debug|Any CPU
		{FDCC340F-7F78-4BC6-A5BC-533EF142DBF0}.Release|Any CPU.ActiveCfg = Release|Any CPU
		{FDCC340F-7F78-4BC6-A5BC-533EF142DBF0}.Release|Any CPU.Build.0 = Release|Any CPU
	EndGlobalSection
	GlobalSection(SolutionProperties) = preSolution
		HideSolutionNode = FALSE
	EndGlobalSection
EndGlobal
